// !$*UTF8*$!
{
	archiveVersion = 1;
	classes = {
	};
	objectVersion = 46;
	objects = {

/* Begin PBXBuildFile section */
		C0367452146877540069DB84 /* PictureProblemViewController.m in Sources */ = {isa = PBXBuildFile; fileRef = C0367450146877540069DB84 /* PictureProblemViewController.m */; };
		C0367453146877540069DB84 /* PictureProblemViewController.xib in Resources */ = {isa = PBXBuildFile; fileRef = C0367451146877540069DB84 /* PictureProblemViewController.xib */; };
		C0367456146879100069DB84 /* 280x187 placeholder.jpg in Resources */ = {isa = PBXBuildFile; fileRef = C0367455146879100069DB84 /* 280x187 placeholder.jpg */; };
		C0FCBBA5144C9E870070618D /* LoginInfo.plist in Resources */ = {isa = PBXBuildFile; fileRef = C0FCBBA4144C9E870070618D /* LoginInfo.plist */; };
		D80D9C95144F829C0045F550 /* AlexisLogin-1.jpg in Resources */ = {isa = PBXBuildFile; fileRef = D80D9C94144F829C0045F550 /* AlexisLogin-1.jpg */; };
		D80D9C97144F84FB0045F550 /* AlexisLogin-2.jpg in Resources */ = {isa = PBXBuildFile; fileRef = D80D9C96144F84FB0045F550 /* AlexisLogin-2.jpg */; };
		D84F9E1014439C4300808789 /* LoginViewController.m in Sources */ = {isa = PBXBuildFile; fileRef = D84F9E0E14439C4300808789 /* LoginViewController.m */; };
		D84F9E1114439C4300808789 /* LoginViewController.xib in Resources */ = {isa = PBXBuildFile; fileRef = D84F9E0F14439C4300808789 /* LoginViewController.xib */; };
		D84F9E1614439C5300808789 /* ProblemViewController.m in Sources */ = {isa = PBXBuildFile; fileRef = D84F9E1414439C5300808789 /* ProblemViewController.m */; };
		D84F9E1714439C5300808789 /* ProblemViewController.xib in Resources */ = {isa = PBXBuildFile; fileRef = D84F9E1514439C5300808789 /* ProblemViewController.xib */; };
		D864442A144CD1A5000D4DF5 /* hst_lagoon_detail.jpeg in Resources */ = {isa = PBXBuildFile; fileRef = D8644428144CD1A5000D4DF5 /* hst_lagoon_detail.jpeg */; };
		D864442B144CD1A5000D4DF5 /* Nebula_012.jpeg in Resources */ = {isa = PBXBuildFile; fileRef = D8644429144CD1A5000D4DF5 /* Nebula_012.jpeg */; };
		D8890C5B1471B981008D42A6 /* UserChoiceController.m in Sources */ = {isa = PBXBuildFile; fileRef = D8890C591471B981008D42A6 /* UserChoiceController.m */; };
		D8890C5C1471B981008D42A6 /* UserChoiceController.xib in Resources */ = {isa = PBXBuildFile; fileRef = D8890C5A1471B981008D42A6 /* UserChoiceController.xib */; };
		D8F4170B144396350055CBCF /* UIKit.framework in Frameworks */ = {isa = PBXBuildFile; fileRef = D8F4170A144396350055CBCF /* UIKit.framework */; };
		D8F4170D144396350055CBCF /* Foundation.framework in Frameworks */ = {isa = PBXBuildFile; fileRef = D8F4170C144396350055CBCF /* Foundation.framework */; };
		D8F4170F144396350055CBCF /* CoreGraphics.framework in Frameworks */ = {isa = PBXBuildFile; fileRef = D8F4170E144396350055CBCF /* CoreGraphics.framework */; };
		D8F41715144396350055CBCF /* InfoPlist.strings in Resources */ = {isa = PBXBuildFile; fileRef = D8F41713144396350055CBCF /* InfoPlist.strings */; };
		D8F41718144396350055CBCF /* main.m in Sources */ = {isa = PBXBuildFile; fileRef = D8F41717144396350055CBCF /* main.m */; };
		D8F4171B144396350055CBCF /* AlexisAppDelegate.m in Sources */ = {isa = PBXBuildFile; fileRef = D8F4171A144396350055CBCF /* AlexisAppDelegate.m */; };
		D8F4171E144396350055CBCF /* MainWindow.xib in Resources */ = {isa = PBXBuildFile; fileRef = D8F4171C144396350055CBCF /* MainWindow.xib */; };
		D8F41725144396350055CBCF /* UIKit.framework in Frameworks */ = {isa = PBXBuildFile; fileRef = D8F4170A144396350055CBCF /* UIKit.framework */; };
		D8F41726144396350055CBCF /* Foundation.framework in Frameworks */ = {isa = PBXBuildFile; fileRef = D8F4170C144396350055CBCF /* Foundation.framework */; };
		D8F41727144396350055CBCF /* CoreGraphics.framework in Frameworks */ = {isa = PBXBuildFile; fileRef = D8F4170E144396350055CBCF /* CoreGraphics.framework */; };
		D8F4172F144396350055CBCF /* InfoPlist.strings in Resources */ = {isa = PBXBuildFile; fileRef = D8F4172D144396350055CBCF /* InfoPlist.strings */; };
		D8F41732144396350055CBCF /* AlexisTests.h in Resources */ = {isa = PBXBuildFile; fileRef = D8F41731144396350055CBCF /* AlexisTests.h */; };
		D8F41734144396350055CBCF /* AlexisTests.m in Sources */ = {isa = PBXBuildFile; fileRef = D8F41733144396350055CBCF /* AlexisTests.m */; };
/* End PBXBuildFile section */

/* Begin PBXContainerItemProxy section */
		D8F41728144396350055CBCF /* PBXContainerItemProxy */ = {
			isa = PBXContainerItemProxy;
			containerPortal = D8F416FD144396340055CBCF /* Project object */;
			proxyType = 1;
			remoteGlobalIDString = D8F41705144396350055CBCF;
			remoteInfo = Alexis;
		};
/* End PBXContainerItemProxy section */

/* Begin PBXFileReference section */
		C036744F146877540069DB84 /* PictureProblemViewController.h */ = {isa = PBXFileReference; fileEncoding = 4; lastKnownFileType = sourcecode.c.h; path = PictureProblemViewController.h; sourceTree = "<group>"; };
		C0367450146877540069DB84 /* PictureProblemViewController.m */ = {isa = PBXFileReference; fileEncoding = 4; lastKnownFileType = sourcecode.c.objc; path = PictureProblemViewController.m; sourceTree = "<group>"; };
		C0367451146877540069DB84 /* PictureProblemViewController.xib */ = {isa = PBXFileReference; fileEncoding = 4; lastKnownFileType = file.xib; path = PictureProblemViewController.xib; sourceTree = "<group>"; };
		C0367455146879100069DB84 /* 280x187 placeholder.jpg */ = {isa = PBXFileReference; lastKnownFileType = image.jpeg; path = "280x187 placeholder.jpg"; sourceTree = "<group>"; };
		C0FCBBA4144C9E870070618D /* LoginInfo.plist */ = {isa = PBXFileReference; fileEncoding = 4; lastKnownFileType = text.plist.xml; path = LoginInfo.plist; sourceTree = "<group>"; };
		D80D9C94144F829C0045F550 /* AlexisLogin-1.jpg */ = {isa = PBXFileReference; lastKnownFileType = image.jpeg; path = "AlexisLogin-1.jpg"; sourceTree = "<group>"; };
		D80D9C96144F84FB0045F550 /* AlexisLogin-2.jpg */ = {isa = PBXFileReference; lastKnownFileType = image.jpeg; path = "AlexisLogin-2.jpg"; sourceTree = "<group>"; };
		D84F9E0D14439C4300808789 /* LoginViewController.h */ = {isa = PBXFileReference; fileEncoding = 4; lastKnownFileType = sourcecode.c.h; path = LoginViewController.h; sourceTree = "<group>"; };
		D84F9E0E14439C4300808789 /* LoginViewController.m */ = {isa = PBXFileReference; fileEncoding = 4; lastKnownFileType = sourcecode.c.objc; path = LoginViewController.m; sourceTree = "<group>"; };
		D84F9E0F14439C4300808789 /* LoginViewController.xib */ = {isa = PBXFileReference; fileEncoding = 4; lastKnownFileType = file.xib; path = LoginViewController.xib; sourceTree = "<group>"; };
		D84F9E1314439C5300808789 /* ProblemViewController.h */ = {isa = PBXFileReference; fileEncoding = 4; lastKnownFileType = sourcecode.c.h; path = ProblemViewController.h; sourceTree = "<group>"; };
		D84F9E1414439C5300808789 /* ProblemViewController.m */ = {isa = PBXFileReference; fileEncoding = 4; lastKnownFileType = sourcecode.c.objc; path = ProblemViewController.m; sourceTree = "<group>"; };
		D84F9E1514439C5300808789 /* ProblemViewController.xib */ = {isa = PBXFileReference; fileEncoding = 4; lastKnownFileType = file.xib; path = ProblemViewController.xib; sourceTree = "<group>"; };
		D8644428144CD1A5000D4DF5 /* hst_lagoon_detail.jpeg */ = {isa = PBXFileReference; lastKnownFileType = image.jpeg; path = hst_lagoon_detail.jpeg; sourceTree = "<group>"; };
		D8644429144CD1A5000D4DF5 /* Nebula_012.jpeg */ = {isa = PBXFileReference; lastKnownFileType = image.jpeg; path = Nebula_012.jpeg; sourceTree = "<group>"; };
		D8890C581471B981008D42A6 /* UserChoiceController.h */ = {isa = PBXFileReference; fileEncoding = 4; lastKnownFileType = sourcecode.c.h; path = UserChoiceController.h; sourceTree = "<group>"; };
		D8890C591471B981008D42A6 /* UserChoiceController.m */ = {isa = PBXFileReference; fileEncoding = 4; lastKnownFileType = sourcecode.c.objc; path = UserChoiceController.m; sourceTree = "<group>"; };
		D8890C5A1471B981008D42A6 /* UserChoiceController.xib */ = {isa = PBXFileReference; fileEncoding = 4; lastKnownFileType = file.xib; path = UserChoiceController.xib; sourceTree = "<group>"; };
		D8F41706144396350055CBCF /* Alexis.app */ = {isa = PBXFileReference; explicitFileType = wrapper.application; includeInIndex = 0; path = Alexis.app; sourceTree = BUILT_PRODUCTS_DIR; };
		D8F4170A144396350055CBCF /* UIKit.framework */ = {isa = PBXFileReference; lastKnownFileType = wrapper.framework; name = UIKit.framework; path = System/Library/Frameworks/UIKit.framework; sourceTree = SDKROOT; };
		D8F4170C144396350055CBCF /* Foundation.framework */ = {isa = PBXFileReference; lastKnownFileType = wrapper.framework; name = Foundation.framework; path = System/Library/Frameworks/Foundation.framework; sourceTree = SDKROOT; };
		D8F4170E144396350055CBCF /* CoreGraphics.framework */ = {isa = PBXFileReference; lastKnownFileType = wrapper.framework; name = CoreGraphics.framework; path = System/Library/Frameworks/CoreGraphics.framework; sourceTree = SDKROOT; };
		D8F41712144396350055CBCF /* Alexis-Info.plist */ = {isa = PBXFileReference; lastKnownFileType = text.plist.xml; path = "Alexis-Info.plist"; sourceTree = "<group>"; };
		D8F41714144396350055CBCF /* en */ = {isa = PBXFileReference; lastKnownFileType = text.plist.strings; name = en; path = en.lproj/InfoPlist.strings; sourceTree = "<group>"; };
		D8F41716144396350055CBCF /* Alexis-Prefix.pch */ = {isa = PBXFileReference; lastKnownFileType = sourcecode.c.h; path = "Alexis-Prefix.pch"; sourceTree = "<group>"; };
		D8F41717144396350055CBCF /* main.m */ = {isa = PBXFileReference; lastKnownFileType = sourcecode.c.objc; path = main.m; sourceTree = "<group>"; };
		D8F41719144396350055CBCF /* AlexisAppDelegate.h */ = {isa = PBXFileReference; lastKnownFileType = sourcecode.c.h; path = AlexisAppDelegate.h; sourceTree = "<group>"; };
		D8F4171A144396350055CBCF /* AlexisAppDelegate.m */ = {isa = PBXFileReference; lastKnownFileType = sourcecode.c.objc; path = AlexisAppDelegate.m; sourceTree = "<group>"; };
		D8F4171D144396350055CBCF /* en */ = {isa = PBXFileReference; lastKnownFileType = file.xib; name = en; path = en.lproj/MainWindow.xib; sourceTree = "<group>"; };
		D8F41724144396350055CBCF /* AlexisTests.octest */ = {isa = PBXFileReference; explicitFileType = wrapper.cfbundle; includeInIndex = 0; path = AlexisTests.octest; sourceTree = BUILT_PRODUCTS_DIR; };
		D8F4172C144396350055CBCF /* AlexisTests-Info.plist */ = {isa = PBXFileReference; lastKnownFileType = text.plist.xml; path = "AlexisTests-Info.plist"; sourceTree = "<group>"; };
		D8F4172E144396350055CBCF /* en */ = {isa = PBXFileReference; lastKnownFileType = text.plist.strings; name = en; path = en.lproj/InfoPlist.strings; sourceTree = "<group>"; };
		D8F41730144396350055CBCF /* AlexisTests-Prefix.pch */ = {isa = PBXFileReference; lastKnownFileType = sourcecode.c.h; path = "AlexisTests-Prefix.pch"; sourceTree = "<group>"; };
		D8F41731144396350055CBCF /* AlexisTests.h */ = {isa = PBXFileReference; lastKnownFileType = sourcecode.c.h; path = AlexisTests.h; sourceTree = "<group>"; };
		D8F41733144396350055CBCF /* AlexisTests.m */ = {isa = PBXFileReference; lastKnownFileType = sourcecode.c.objc; path = AlexisTests.m; sourceTree = "<group>"; };
/* End PBXFileReference section */

/* Begin PBXFrameworksBuildPhase section */
		D8F41703144396350055CBCF /* Frameworks */ = {
			isa = PBXFrameworksBuildPhase;
			buildActionMask = 2147483647;
			files = (
				D8F4170B144396350055CBCF /* UIKit.framework in Frameworks */,
				D8F4170D144396350055CBCF /* Foundation.framework in Frameworks */,
				D8F4170F144396350055CBCF /* CoreGraphics.framework in Frameworks */,
			);
			runOnlyForDeploymentPostprocessing = 0;
		};
		D8F41720144396350055CBCF /* Frameworks */ = {
			isa = PBXFrameworksBuildPhase;
			buildActionMask = 2147483647;
			files = (
				D8F41725144396350055CBCF /* UIKit.framework in Frameworks */,
				D8F41726144396350055CBCF /* Foundation.framework in Frameworks */,
				D8F41727144396350055CBCF /* CoreGraphics.framework in Frameworks */,
			);
			runOnlyForDeploymentPostprocessing = 0;
		};
/* End PBXFrameworksBuildPhase section */

/* Begin PBXGroup section */
		D8F416FB144396340055CBCF = {
			isa = PBXGroup;
			children = (
				D8F41710144396350055CBCF /* Alexis */,
				D8F4172A144396350055CBCF /* AlexisTests */,
				D8F41709144396350055CBCF /* Frameworks */,
				D8F41707144396350055CBCF /* Products */,
			);
			sourceTree = "<group>";
		};
		D8F41707144396350055CBCF /* Products */ = {
			isa = PBXGroup;
			children = (
				D8F41706144396350055CBCF /* Alexis.app */,
				D8F41724144396350055CBCF /* AlexisTests.octest */,
			);
			name = Products;
			sourceTree = "<group>";
		};
		D8F41709144396350055CBCF /* Frameworks */ = {
			isa = PBXGroup;
			children = (
				D8F4170A144396350055CBCF /* UIKit.framework */,
				D8F4170C144396350055CBCF /* Foundation.framework */,
				D8F4170E144396350055CBCF /* CoreGraphics.framework */,
			);
			name = Frameworks;
			sourceTree = "<group>";
		};
		D8F41710144396350055CBCF /* Alexis */ = {
			isa = PBXGroup;
			children = (
				D8F41719144396350055CBCF /* AlexisAppDelegate.h */,
				D8F4171A144396350055CBCF /* AlexisAppDelegate.m */,
				D8F4171C144396350055CBCF /* MainWindow.xib */,
				D8890C581471B981008D42A6 /* UserChoiceController.h */,
				D8890C591471B981008D42A6 /* UserChoiceController.m */,
				D8890C5A1471B981008D42A6 /* UserChoiceController.xib */,
				D8F41711144396350055CBCF /* Supporting Files */,
				D84F9E0D14439C4300808789 /* LoginViewController.h */,
				D84F9E0E14439C4300808789 /* LoginViewController.m */,
				D84F9E0F14439C4300808789 /* LoginViewController.xib */,
				D84F9E1314439C5300808789 /* ProblemViewController.h */,
				D84F9E1414439C5300808789 /* ProblemViewController.m */,
				D84F9E1514439C5300808789 /* ProblemViewController.xib */,
				C036744F146877540069DB84 /* PictureProblemViewController.h */,
				C0367450146877540069DB84 /* PictureProblemViewController.m */,
				C0367451146877540069DB84 /* PictureProblemViewController.xib */,
			);
			path = Alexis;
			sourceTree = "<group>";
		};
		D8F41711144396350055CBCF /* Supporting Files */ = {
			isa = PBXGroup;
			children = (
				C0367455146879100069DB84 /* 280x187 placeholder.jpg */,
				D8644428144CD1A5000D4DF5 /* hst_lagoon_detail.jpeg */,
				D80D9C96144F84FB0045F550 /* AlexisLogin-2.jpg */,
				D80D9C94144F829C0045F550 /* AlexisLogin-1.jpg */,
				D8644429144CD1A5000D4DF5 /* Nebula_012.jpeg */,
				D8F41712144396350055CBCF /* Alexis-Info.plist */,
				D8F41713144396350055CBCF /* InfoPlist.strings */,
				D8F41716144396350055CBCF /* Alexis-Prefix.pch */,
				D8F41717144396350055CBCF /* main.m */,
				C0FCBBA4144C9E870070618D /* LoginInfo.plist */,
			);
			name = "Supporting Files";
			sourceTree = "<group>";
		};
		D8F4172A144396350055CBCF /* AlexisTests */ = {
			isa = PBXGroup;
			children = (
				D8F41731144396350055CBCF /* AlexisTests.h */,
				D8F41733144396350055CBCF /* AlexisTests.m */,
				D8F4172B144396350055CBCF /* Supporting Files */,
			);
			path = AlexisTests;
			sourceTree = "<group>";
		};
		D8F4172B144396350055CBCF /* Supporting Files */ = {
			isa = PBXGroup;
			children = (
				D8F4172C144396350055CBCF /* AlexisTests-Info.plist */,
				D8F4172D144396350055CBCF /* InfoPlist.strings */,
				D8F41730144396350055CBCF /* AlexisTests-Prefix.pch */,
			);
			name = "Supporting Files";
			sourceTree = "<group>";
		};
/* End PBXGroup section */

/* Begin PBXNativeTarget section */
		D8F41705144396350055CBCF /* Alexis */ = {
			isa = PBXNativeTarget;
			buildConfigurationList = D8F41737144396350055CBCF /* Build configuration list for PBXNativeTarget "Alexis" */;
			buildPhases = (
				D8F41702144396350055CBCF /* Sources */,
				D8F41703144396350055CBCF /* Frameworks */,
				D8F41704144396350055CBCF /* Resources */,
			);
			buildRules = (
			);
			dependencies = (
			);
			name = Alexis;
			productName = Alexis;
			productReference = D8F41706144396350055CBCF /* Alexis.app */;
			productType = "com.apple.product-type.application";
		};
		D8F41723144396350055CBCF /* AlexisTests */ = {
			isa = PBXNativeTarget;
			buildConfigurationList = D8F4173A144396350055CBCF /* Build configuration list for PBXNativeTarget "AlexisTests" */;
			buildPhases = (
				D8F4171F144396350055CBCF /* Sources */,
				D8F41720144396350055CBCF /* Frameworks */,
				D8F41721144396350055CBCF /* Resources */,
				D8F41722144396350055CBCF /* ShellScript */,
			);
			buildRules = (
			);
			dependencies = (
				D8F41729144396350055CBCF /* PBXTargetDependency */,
			);
			name = AlexisTests;
			productName = AlexisTests;
			productReference = D8F41724144396350055CBCF /* AlexisTests.octest */;
			productType = "com.apple.product-type.bundle";
		};
/* End PBXNativeTarget section */

/* Begin PBXProject section */
		D8F416FD144396340055CBCF /* Project object */ = {
			isa = PBXProject;
			buildConfigurationList = D8F41700144396350055CBCF /* Build configuration list for PBXProject "Alexis" */;
			compatibilityVersion = "Xcode 3.2";
			developmentRegion = English;
			hasScannedForEncodings = 0;
			knownRegions = (
				en,
			);
			mainGroup = D8F416FB144396340055CBCF;
			productRefGroup = D8F41707144396350055CBCF /* Products */;
			projectDirPath = "";
			projectRoot = "";
			targets = (
				D8F41705144396350055CBCF /* Alexis */,
				D8F41723144396350055CBCF /* AlexisTests */,
			);
		};
/* End PBXProject section */

/* Begin PBXResourcesBuildPhase section */
		D8F41704144396350055CBCF /* Resources */ = {
			isa = PBXResourcesBuildPhase;
			buildActionMask = 2147483647;
			files = (
				D8F41715144396350055CBCF /* InfoPlist.strings in Resources */,
				D8F4171E144396350055CBCF /* MainWindow.xib in Resources */,
				D84F9E1114439C4300808789 /* LoginViewController.xib in Resources */,
				D84F9E1714439C5300808789 /* ProblemViewController.xib in Resources */,
				C0FCBBA5144C9E870070618D /* LoginInfo.plist in Resources */,
				D864442A144CD1A5000D4DF5 /* hst_lagoon_detail.jpeg in Resources */,
				D864442B144CD1A5000D4DF5 /* Nebula_012.jpeg in Resources */,
				D80D9C95144F829C0045F550 /* AlexisLogin-1.jpg in Resources */,
				D80D9C97144F84FB0045F550 /* AlexisLogin-2.jpg in Resources */,
				C0367453146877540069DB84 /* PictureProblemViewController.xib in Resources */,
				C0367456146879100069DB84 /* 280x187 placeholder.jpg in Resources */,
				D8890C5C1471B981008D42A6 /* UserChoiceController.xib in Resources */,
			);
			runOnlyForDeploymentPostprocessing = 0;
		};
		D8F41721144396350055CBCF /* Resources */ = {
			isa = PBXResourcesBuildPhase;
			buildActionMask = 2147483647;
			files = (
				D8F4172F144396350055CBCF /* InfoPlist.strings in Resources */,
				D8F41732144396350055CBCF /* AlexisTests.h in Resources */,
			);
			runOnlyForDeploymentPostprocessing = 0;
		};
/* End PBXResourcesBuildPhase section */

/* Begin PBXShellScriptBuildPhase section */
		D8F41722144396350055CBCF /* ShellScript */ = {
			isa = PBXShellScriptBuildPhase;
			buildActionMask = 2147483647;
			files = (
			);
			inputPaths = (
			);
			outputPaths = (
			);
			runOnlyForDeploymentPostprocessing = 0;
			shellPath = /bin/sh;
			shellScript = "# Run the unit tests in this test bundle.\n\"${SYSTEM_DEVELOPER_DIR}/Tools/RunUnitTests\"\n";
		};
/* End PBXShellScriptBuildPhase section */

/* Begin PBXSourcesBuildPhase section */
		D8F41702144396350055CBCF /* Sources */ = {
			isa = PBXSourcesBuildPhase;
			buildActionMask = 2147483647;
			files = (
				D8F41718144396350055CBCF /* main.m in Sources */,
				D8F4171B144396350055CBCF /* AlexisAppDelegate.m in Sources */,
				D84F9E1014439C4300808789 /* LoginViewController.m in Sources */,
				D84F9E1614439C5300808789 /* ProblemViewController.m in Sources */,
				C0367452146877540069DB84 /* PictureProblemViewController.m in Sources */,
				D8890C5B1471B981008D42A6 /* UserChoiceController.m in Sources */,
			);
			runOnlyForDeploymentPostprocessing = 0;
		};
		D8F4171F144396350055CBCF /* Sources */ = {
			isa = PBXSourcesBuildPhase;
			buildActionMask = 2147483647;
			files = (
				D8F41734144396350055CBCF /* AlexisTests.m in Sources */,
			);
			runOnlyForDeploymentPostprocessing = 0;
		};
/* End PBXSourcesBuildPhase section */

/* Begin PBXTargetDependency section */
		D8F41729144396350055CBCF /* PBXTargetDependency */ = {
			isa = PBXTargetDependency;
			target = D8F41705144396350055CBCF /* Alexis */;
			targetProxy = D8F41728144396350055CBCF /* PBXContainerItemProxy */;
		};
/* End PBXTargetDependency section */

/* Begin PBXVariantGroup section */
		D8F41713144396350055CBCF /* InfoPlist.strings */ = {
			isa = PBXVariantGroup;
			children = (
				D8F41714144396350055CBCF /* en */,
			);
			name = InfoPlist.strings;
			sourceTree = "<group>";
		};
		D8F4171C144396350055CBCF /* MainWindow.xib */ = {
			isa = PBXVariantGroup;
			children = (
				D8F4171D144396350055CBCF /* en */,
			);
			name = MainWindow.xib;
			sourceTree = "<group>";
		};
		D8F4172D144396350055CBCF /* InfoPlist.strings */ = {
			isa = PBXVariantGroup;
			children = (
				D8F4172E144396350055CBCF /* en */,
			);
			name = InfoPlist.strings;
			sourceTree = "<group>";
		};
/* End PBXVariantGroup section */

/* Begin XCBuildConfiguration section */
		D8F41735144396350055CBCF /* Debug */ = {
			isa = XCBuildConfiguration;
			buildSettings = {
				ARCHS = "$(ARCHS_STANDARD_32_BIT)";
				"CODE_SIGN_IDENTITY[sdk=iphoneos*]" = "iPhone Developer";
				GCC_C_LANGUAGE_STANDARD = gnu99;
				GCC_OPTIMIZATION_LEVEL = 0;
				GCC_PREPROCESSOR_DEFINITIONS = DEBUG;
				GCC_SYMBOLS_PRIVATE_EXTERN = NO;
				GCC_VERSION = com.apple.compilers.llvmgcc42;
				GCC_WARN_ABOUT_RETURN_TYPE = YES;
				GCC_WARN_UNUSED_VARIABLE = YES;
				IPHONEOS_DEPLOYMENT_TARGET = 4.3;
				SDKROOT = iphoneos;
			};
			name = Debug;
		};
		D8F41736144396350055CBCF /* Release */ = {
			isa = XCBuildConfiguration;
			buildSettings = {
				ARCHS = "$(ARCHS_STANDARD_32_BIT)";
				"CODE_SIGN_IDENTITY[sdk=iphoneos*]" = "iPhone Developer";
				GCC_C_LANGUAGE_STANDARD = gnu99;
				GCC_VERSION = com.apple.compilers.llvmgcc42;
				GCC_WARN_ABOUT_RETURN_TYPE = YES;
				GCC_WARN_UNUSED_VARIABLE = YES;
				IPHONEOS_DEPLOYMENT_TARGET = 4.3;
				OTHER_CFLAGS = "-DNS_BLOCK_ASSERTIONS=1";
				SDKROOT = iphoneos;
			};
			name = Release;
		};
		D8F41738144396350055CBCF /* Debug */ = {
			isa = XCBuildConfiguration;
			buildSettings = {
				ALWAYS_SEARCH_USER_PATHS = NO;
				COPY_PHASE_STRIP = NO;
				GCC_DYNAMIC_NO_PIC = NO;
				GCC_PRECOMPILE_PREFIX_HEADER = YES;
				GCC_PREFIX_HEADER = "Alexis/Alexis-Prefix.pch";
				INFOPLIST_FILE = "Alexis/Alexis-Info.plist";
				PRODUCT_NAME = "$(TARGET_NAME)";
				WRAPPER_EXTENSION = app;
			};
			name = Debug;
		};
		D8F41739144396350055CBCF /* Release */ = {
			isa = XCBuildConfiguration;
			buildSettings = {
				ALWAYS_SEARCH_USER_PATHS = NO;
				COPY_PHASE_STRIP = YES;
				GCC_PRECOMPILE_PREFIX_HEADER = YES;
				GCC_PREFIX_HEADER = "Alexis/Alexis-Prefix.pch";
				INFOPLIST_FILE = "Alexis/Alexis-Info.plist";
				PRODUCT_NAME = "$(TARGET_NAME)";
				VALIDATE_PRODUCT = YES;
				WRAPPER_EXTENSION = app;
			};
			name = Release;
		};
		D8F4173B144396350055CBCF /* Debug */ = {
			isa = XCBuildConfiguration;
			buildSettings = {
				ALWAYS_SEARCH_USER_PATHS = NO;
				BUNDLE_LOADER = "$(BUILT_PRODUCTS_DIR)/Alexis.app/Alexis";
				FRAMEWORK_SEARCH_PATHS = (
					"$(SDKROOT)/Developer/Library/Frameworks",
					"$(DEVELOPER_LIBRARY_DIR)/Frameworks",
				);
				GCC_PRECOMPILE_PREFIX_HEADER = YES;
				GCC_PREFIX_HEADER = "AlexisTests/AlexisTests-Prefix.pch";
				INFOPLIST_FILE = "AlexisTests/AlexisTests-Info.plist";
				OTHER_LDFLAGS = (
					"-framework",
					SenTestingKit,
				);
				PRODUCT_NAME = "$(TARGET_NAME)";
				TEST_HOST = "$(BUNDLE_LOADER)";
				WRAPPER_EXTENSION = octest;
			};
			name = Debug;
		};
		D8F4173C144396350055CBCF /* Release */ = {
			isa = XCBuildConfiguration;
			buildSettings = {
				ALWAYS_SEARCH_USER_PATHS = NO;
				BUNDLE_LOADER = "$(BUILT_PRODUCTS_DIR)/Alexis.app/Alexis";
				FRAMEWORK_SEARCH_PATHS = (
					"$(SDKROOT)/Developer/Library/Frameworks",
					"$(DEVELOPER_LIBRARY_DIR)/Frameworks",
				);
				GCC_PRECOMPILE_PREFIX_HEADER = YES;
				GCC_PREFIX_HEADER = "AlexisTests/AlexisTests-Prefix.pch";
				INFOPLIST_FILE = "AlexisTests/AlexisTests-Info.plist";
				OTHER_LDFLAGS = (
					"-framework",
					SenTestingKit,
				);
				PRODUCT_NAME = "$(TARGET_NAME)";
				TEST_HOST = "$(BUNDLE_LOADER)";
				WRAPPER_EXTENSION = octest;
			};
			name = Release;
		};
/* End XCBuildConfiguration section */

/* Begin XCConfigurationList section */
		D8F41700144396350055CBCF /* Build configuration list for PBXProject "Alexis" */ = {
			isa = XCConfigurationList;
			buildConfigurations = (
				D8F41735144396350055CBCF /* Debug */,
				D8F41736144396350055CBCF /* Release */,
			);
			defaultConfigurationIsVisible = 0;
			defaultConfigurationName = Release;
		};
		D8F41737144396350055CBCF /* Build configuration list for PBXNativeTarget "Alexis" */ = {
			isa = XCConfigurationList;
			buildConfigurations = (
				D8F41738144396350055CBCF /* Debug */,
				D8F41739144396350055CBCF /* Release */,
			);
			defaultConfigurationIsVisible = 0;
			defaultConfigurationName = Release;
		};
		D8F4173A144396350055CBCF /* Build configuration list for PBXNativeTarget "AlexisTests" */ = {
			isa = XCConfigurationList;
			buildConfigurations = (
				D8F4173B144396350055CBCF /* Debug */,
				D8F4173C144396350055CBCF /* Release */,
			);
			defaultConfigurationIsVisible = 0;
			defaultConfigurationName = Release;
		};
/* End XCConfigurationList section */
	};
	rootObject = D8F416FD144396340055CBCF /* Project object */;
}
